
Microsoft Visual Studio Solution File, Format Version 12.00
# Visual Studio Version 17
VisualStudioVersion = 17.10.35013.160
MinimumVisualStudioVersion = 10.0.40219.1
Project("{FAE04EC0-301F-11D3-BF4B-00C04F79EFBC}") = "WebChat", "WebChat.csproj", "{9C397BB6-40CE-4B03-A55C-7C9A9D7DA772}"
EndProject
Global
	GlobalSection(SolutionConfigurationPlatforms) = preSolution
		Debug|Any CPU = Debug|Any CPU
		Release|Any CPU = Release|Any CPU
	EndGlobalSection
	GlobalSection(ProjectConfigurationPlatforms) = postSolution
		{9C397BB6-40CE-4B03-A55C-7C9A9D7DA772}.Debug|Any CPU.ActiveCfg = Debug|Any CPU
		{9C397BB6-40CE-4B03-A55C-7C9A9D7DA772}.Debug|Any CPU.Build.0 = Debug|Any CPU
		{9C397BB6-40CE-4B03-A55C-7C9A9D7DA772}.Release|Any CPU.ActiveCfg = Release|Any CPU
		{9C397BB6-40CE-4B03-A55C-7C9A9D7DA772}.Release|Any CPU.Build.0 = Release|Any CPU
	EndGlobalSection
	GlobalSection(SolutionProperties) = preSolution
		HideSolutionNode = FALSE
	EndGlobalSection
	GlobalSection(ExtensibilityGlobals) = postSolution
		SolutionGuid = {C624A443-355E-4D00-B402-64B8C5F59A8B}
	EndGlobalSection
EndGlobal
